{
  "name": "zoola-academy-homework",
  "lockfileVersion": 2,
  "requires": true,
  "packages": {
    "": {
      "devDependencies": {
        "@types/howler": "^2.2.7"
      }
    },
    "node_modules/@types/howler": {
      "version": "2.2.7",
      "resolved": "https://registry.npmjs.org/@types/howler/-/howler-2.2.7.tgz",
      "integrity": "sha512-PEZldwZqJJw1PWRTpupyC7ajVTZA8aHd8nB/Y0n6zRZi5u8ktYDntsHj13ltEiBRqWwF06pASxBEvCTxniG8eA==",
      "dev": true
    }
  },
  "dependencies": {
    "@types/howler": {
      "version": "2.2.7",
      "resolved": "https://registry.npmjs.org/@types/howler/-/howler-2.2.7.tgz",
      "integrity": "sha512-PEZldwZqJJw1PWRTpupyC7ajVTZA8aHd8nB/Y0n6zRZi5u8ktYDntsHj13ltEiBRqWwF06pASxBEvCTxniG8eA==",
      "dev": true
    }
  }
}
