# THIS IS AN AUTOGENERATED FILE. DO NOT EDIT THIS FILE DIRECTLY.
# yarn lockfile v1


"@types/howler@^2.2.7":
  version "2.2.7"
  resolved "https://registry.yarnpkg.com/@types/howler/-/howler-2.2.7.tgz#5acfbed57f9e1d99b8dabe1b824729e1c1ea1fae"
  integrity sha512-PEZldwZqJJw1PWRTpupyC7ajVTZA8aHd8nB/Y0n6zRZi5u8ktYDntsHj13ltEiBRqWwF06pASxBEvCTxniG8eA==
